
Microsoft Visual Studio Solution File, Format Version 12.00
# Visual Studio Version 17
VisualStudioVersion = 17.14.36203.30 d17.14
MinimumVisualStudioVersion = 10.0.40219.1
Project("{FAE04EC0-301F-11D3-BF4B-00C04F79EFBC}") = "PetGameAirBattle", "PetGameAirBattle\PetGameAirBattle.csproj", "{ACC01AC8-55C0-42D9-B9C7-326786E01A72}"
EndProject
Global
	GlobalSection(SolutionConfigurationPlatforms) = preSolution
		Debug|Any CPU = Debug|Any CPU
		Release|Any CPU = Release|Any CPU
	EndGlobalSection
	GlobalSection(ProjectConfigurationPlatforms) = postSolution
		{ACC01AC8-55C0-42D9-B9C7-326786E01A72}.Debug|Any CPU.ActiveCfg = Debug|Any CPU
		{ACC01AC8-55C0-42D9-B9C7-326786E01A72}.Debug|Any CPU.Build.0 = Debug|Any CPU
		{ACC01AC8-55C0-42D9-B9C7-326786E01A72}.Release|Any CPU.ActiveCfg = Release|Any CPU
		{ACC01AC8-55C0-42D9-B9C7-326786E01A72}.Release|Any CPU.Build.0 = Release|Any CPU
	EndGlobalSection
	GlobalSection(SolutionProperties) = preSolution
		HideSolutionNode = FALSE
	EndGlobalSection
	GlobalSection(ExtensibilityGlobals) = postSolution
		SolutionGuid = {3D394044-5DBA-4DCB-B0AF-CE58F1FEC046}
	EndGlobalSection
EndGlobal
